// !$*UTF8*$!
{
	archiveVersion = 1;
	classes = {
	};
	objectVersion = 46;
	objects = {

/* Begin PBXBuildFile section */
		21FB4F8C16FCBA7A00A9CA26 /* Foundation.framework in Frameworks */ = {isa = PBXBuildFile; fileRef = 21FB4F8B16FCBA7A00A9CA26 /* Foundation.framework */; };
		21FB4F9116FCBA7A00A9CA26 /* MGBenchmarkSession.h in CopyFiles */ = {isa = PBXBuildFile; fileRef = 21FB4F9016FCBA7A00A9CA26 /* MGBenchmarkSession.h */; };
		21FB4F9316FCBA7A00A9CA26 /* MGBenchmarkSession.m in Sources */ = {isa = PBXBuildFile; fileRef = 21FB4F9216FCBA7A00A9CA26 /* MGBenchmarkSession.m */; };
		21FB4F9B16FCBA7B00A9CA26 /* SenTestingKit.framework in Frameworks */ = {isa = PBXBuildFile; fileRef = 21FB4F9A16FCBA7B00A9CA26 /* SenTestingKit.framework */; };
		21FB4F9D16FCBA7B00A9CA26 /* UIKit.framework in Frameworks */ = {isa = PBXBuildFile; fileRef = 21FB4F9C16FCBA7B00A9CA26 /* UIKit.framework */; };
		21FB4F9E16FCBA7B00A9CA26 /* Foundation.framework in Frameworks */ = {isa = PBXBuildFile; fileRef = 21FB4F8B16FCBA7A00A9CA26 /* Foundation.framework */; };
		21FB4FA116FCBA7B00A9CA26 /* libMGBenchmark.a in Frameworks */ = {isa = PBXBuildFile; fileRef = 21FB4F8816FCBA7A00A9CA26 /* libMGBenchmark.a */; };
		21FB4FA716FCBA7B00A9CA26 /* InfoPlist.strings in Resources */ = {isa = PBXBuildFile; fileRef = 21FB4FA516FCBA7B00A9CA26 /* InfoPlist.strings */; };
		21FB4FAA16FCBA7B00A9CA26 /* MGBenchmarkSessionTests.m in Sources */ = {isa = PBXBuildFile; fileRef = 21FB4FA916FCBA7B00A9CA26 /* MGBenchmarkSessionTests.m */; };
		32D27CCD5AE2453D8B406CAD /* libPods-MGBenchmarkTests.a in Frameworks */ = {isa = PBXBuildFile; fileRef = CF665F226B4B4DD286F3971A /* libPods-MGBenchmarkTests.a */; settings = {}; };
		DB9E990BDD68D104BAD8196E /* MGBenchmarkOutput.h in CopyFiles */ = {isa = PBXBuildFile; fileRef = DB9E980DC688B693831E03E3 /* MGBenchmarkOutput.h */; };
		DB9E9B707014B5C47AD7F1CD /* MGConsoleOutput.h in CopyFiles */ = {isa = PBXBuildFile; fileRef = DB9E9781AD62C0556F817C70 /* MGConsoleOutput.h */; };
		DB9E9E7D4E600DA2C3C72485 /* MGConsoleOutput.m in Sources */ = {isa = PBXBuildFile; fileRef = DB9E9F26C847141446E0E294 /* MGConsoleOutput.m */; };
/* End PBXBuildFile section */

/* Begin PBXContainerItemProxy section */
		21FB4F9F16FCBA7B00A9CA26 /* PBXContainerItemProxy */ = {
			isa = PBXContainerItemProxy;
			containerPortal = 21FB4F8016FCBA7A00A9CA26 /* Project object */;
			proxyType = 1;
			remoteGlobalIDString = 21FB4F8716FCBA7A00A9CA26;
			remoteInfo = MGBenchmark;
		};
/* End PBXContainerItemProxy section */

/* Begin PBXCopyFilesBuildPhase section */
		21FB4F8616FCBA7A00A9CA26 /* CopyFiles */ = {
			isa = PBXCopyFilesBuildPhase;
			buildActionMask = 2147483647;
			dstPath = "include/${PRODUCT_NAME}";
			dstSubfolderSpec = 16;
			files = (
				21FB4F9116FCBA7A00A9CA26 /* MGBenchmarkSession.h in CopyFiles */,
				DB9E990BDD68D104BAD8196E /* MGBenchmarkOutput.h in CopyFiles */,
				DB9E9B707014B5C47AD7F1CD /* MGConsoleOutput.h in CopyFiles */,
			);
			runOnlyForDeploymentPostprocessing = 0;
		};
/* End PBXCopyFilesBuildPhase section */

/* Begin PBXFileReference section */
		014274DDF0F94EDAB9150CED /* Pods-MGBenchmarkTests.xcconfig */ = {isa = PBXFileReference; includeInIndex = 1; lastKnownFileType = text.xcconfig; name = "Pods-MGBenchmarkTests.xcconfig"; path = "Pods/Pods-MGBenchmarkTests.xcconfig"; sourceTree = SOURCE_ROOT; };
		21FB4F8816FCBA7A00A9CA26 /* libMGBenchmark.a */ = {isa = PBXFileReference; explicitFileType = archive.ar; includeInIndex = 0; path = libMGBenchmark.a; sourceTree = BUILT_PRODUCTS_DIR; };
		21FB4F8B16FCBA7A00A9CA26 /* Foundation.framework */ = {isa = PBXFileReference; lastKnownFileType = wrapper.framework; name = Foundation.framework; path = System/Library/Frameworks/Foundation.framework; sourceTree = SDKROOT; };
		21FB4F8F16FCBA7A00A9CA26 /* MGBenchmark-Prefix.pch */ = {isa = PBXFileReference; lastKnownFileType = sourcecode.c.h; path = "MGBenchmark-Prefix.pch"; sourceTree = "<group>"; };
		21FB4F9016FCBA7A00A9CA26 /* MGBenchmarkSession.h */ = {isa = PBXFileReference; lastKnownFileType = sourcecode.c.h; path = MGBenchmarkSession.h; sourceTree = "<group>"; };
		21FB4F9216FCBA7A00A9CA26 /* MGBenchmarkSession.m */ = {isa = PBXFileReference; lastKnownFileType = sourcecode.c.objc; path = MGBenchmarkSession.m; sourceTree = "<group>"; };
		21FB4F9916FCBA7B00A9CA26 /* MGBenchmarkTests.octest */ = {isa = PBXFileReference; explicitFileType = wrapper.cfbundle; includeInIndex = 0; path = MGBenchmarkTests.octest; sourceTree = BUILT_PRODUCTS_DIR; };
		21FB4F9A16FCBA7B00A9CA26 /* SenTestingKit.framework */ = {isa = PBXFileReference; lastKnownFileType = wrapper.framework; name = SenTestingKit.framework; path = Library/Frameworks/SenTestingKit.framework; sourceTree = DEVELOPER_DIR; };
		21FB4F9C16FCBA7B00A9CA26 /* UIKit.framework */ = {isa = PBXFileReference; lastKnownFileType = wrapper.framework; name = UIKit.framework; path = Library/Frameworks/UIKit.framework; sourceTree = DEVELOPER_DIR; };
		21FB4FA416FCBA7B00A9CA26 /* MGBenchmarkTests-Info.plist */ = {isa = PBXFileReference; lastKnownFileType = text.plist.xml; path = "MGBenchmarkTests-Info.plist"; sourceTree = "<group>"; };
		21FB4FA616FCBA7B00A9CA26 /* en */ = {isa = PBXFileReference; lastKnownFileType = text.plist.strings; name = en; path = en.lproj/InfoPlist.strings; sourceTree = "<group>"; };
		21FB4FA916FCBA7B00A9CA26 /* MGBenchmarkSessionTests.m */ = {isa = PBXFileReference; lastKnownFileType = sourcecode.c.objc; path = MGBenchmarkSessionTests.m; sourceTree = "<group>"; };
		CF665F226B4B4DD286F3971A /* libPods-MGBenchmarkTests.a */ = {isa = PBXFileReference; explicitFileType = archive.ar; includeInIndex = 0; name = "libPods-MGBenchmarkTests.a"; path = "libPods-MGBenchmarkTests.a"; sourceTree = BUILT_PRODUCTS_DIR; };
		DB9E9781AD62C0556F817C70 /* MGConsoleOutput.h */ = {isa = PBXFileReference; fileEncoding = 4; lastKnownFileType = sourcecode.c.h; path = MGConsoleOutput.h; sourceTree = "<group>"; };
		DB9E980DC688B693831E03E3 /* MGBenchmarkOutput.h */ = {isa = PBXFileReference; fileEncoding = 4; lastKnownFileType = sourcecode.c.h; path = MGBenchmarkOutput.h; sourceTree = "<group>"; };
		DB9E9F26C847141446E0E294 /* MGConsoleOutput.m */ = {isa = PBXFileReference; fileEncoding = 4; lastKnownFileType = sourcecode.c.objc; path = MGConsoleOutput.m; sourceTree = "<group>"; };
/* End PBXFileReference section */

/* Begin PBXFrameworksBuildPhase section */
		21FB4F8516FCBA7A00A9CA26 /* Frameworks */ = {
			isa = PBXFrameworksBuildPhase;
			buildActionMask = 2147483647;
			files = (
				21FB4F8C16FCBA7A00A9CA26 /* Foundation.framework in Frameworks */,
			);
			runOnlyForDeploymentPostprocessing = 0;
		};
		21FB4F9516FCBA7B00A9CA26 /* Frameworks */ = {
			isa = PBXFrameworksBuildPhase;
			buildActionMask = 2147483647;
			files = (
				21FB4F9B16FCBA7B00A9CA26 /* SenTestingKit.framework in Frameworks */,
				21FB4F9D16FCBA7B00A9CA26 /* UIKit.framework in Frameworks */,
				21FB4F9E16FCBA7B00A9CA26 /* Foundation.framework in Frameworks */,
				21FB4FA116FCBA7B00A9CA26 /* libMGBenchmark.a in Frameworks */,
				32D27CCD5AE2453D8B406CAD /* libPods-MGBenchmarkTests.a in Frameworks */,
			);
			runOnlyForDeploymentPostprocessing = 0;
		};
/* End PBXFrameworksBuildPhase section */

/* Begin PBXGroup section */
		21FB4F7F16FCBA7A00A9CA26 = {
			isa = PBXGroup;
			children = (
				21FB4F8D16FCBA7A00A9CA26 /* MGBenchmark */,
				21FB4FA216FCBA7B00A9CA26 /* MGBenchmarkTests */,
				21FB4F8A16FCBA7A00A9CA26 /* Frameworks */,
				21FB4F8916FCBA7A00A9CA26 /* Products */,
				014274DDF0F94EDAB9150CED /* Pods-MGBenchmarkTests.xcconfig */,
			);
			sourceTree = "<group>";
		};
		21FB4F8916FCBA7A00A9CA26 /* Products */ = {
			isa = PBXGroup;
			children = (
				21FB4F8816FCBA7A00A9CA26 /* libMGBenchmark.a */,
				21FB4F9916FCBA7B00A9CA26 /* MGBenchmarkTests.octest */,
			);
			name = Products;
			sourceTree = "<group>";
		};
		21FB4F8A16FCBA7A00A9CA26 /* Frameworks */ = {
			isa = PBXGroup;
			children = (
				21FB4F8B16FCBA7A00A9CA26 /* Foundation.framework */,
				21FB4F9A16FCBA7B00A9CA26 /* SenTestingKit.framework */,
				21FB4F9C16FCBA7B00A9CA26 /* UIKit.framework */,
				CF665F226B4B4DD286F3971A /* libPods-MGBenchmarkTests.a */,
			);
			name = Frameworks;
			sourceTree = "<group>";
		};
		21FB4F8D16FCBA7A00A9CA26 /* MGBenchmark */ = {
			isa = PBXGroup;
			children = (
				21FB4F9016FCBA7A00A9CA26 /* MGBenchmarkSession.h */,
				21FB4F9216FCBA7A00A9CA26 /* MGBenchmarkSession.m */,
				21FB4F8E16FCBA7A00A9CA26 /* Supporting Files */,
				DB9E98AE56E618E2F16F8A32 /* Output */,
			);
			path = MGBenchmark;
			sourceTree = "<group>";
		};
		21FB4F8E16FCBA7A00A9CA26 /* Supporting Files */ = {
			isa = PBXGroup;
			children = (
				21FB4F8F16FCBA7A00A9CA26 /* MGBenchmark-Prefix.pch */,
			);
			name = "Supporting Files";
			sourceTree = "<group>";
		};
		21FB4FA216FCBA7B00A9CA26 /* MGBenchmarkTests */ = {
			isa = PBXGroup;
			children = (
				21FB4FA916FCBA7B00A9CA26 /* MGBenchmarkSessionTests.m */,
				21FB4FA316FCBA7B00A9CA26 /* Supporting Files */,
			);
			path = MGBenchmarkTests;
			sourceTree = "<group>";
		};
		21FB4FA316FCBA7B00A9CA26 /* Supporting Files */ = {
			isa = PBXGroup;
			children = (
				21FB4FA416FCBA7B00A9CA26 /* MGBenchmarkTests-Info.plist */,
				21FB4FA516FCBA7B00A9CA26 /* InfoPlist.strings */,
			);
			name = "Supporting Files";
			sourceTree = "<group>";
		};
		DB9E98AE56E618E2F16F8A32 /* Output */ = {
			isa = PBXGroup;
			children = (
				DB9E980DC688B693831E03E3 /* MGBenchmarkOutput.h */,
				DB9E9F26C847141446E0E294 /* MGConsoleOutput.m */,
				DB9E9781AD62C0556F817C70 /* MGConsoleOutput.h */,
			);
			path = Output;
			sourceTree = "<group>";
		};
/* End PBXGroup section */

/* Begin PBXNativeTarget section */
		21FB4F8716FCBA7A00A9CA26 /* MGBenchmark */ = {
			isa = PBXNativeTarget;
			buildConfigurationList = 21FB4FAD16FCBA7B00A9CA26 /* Build configuration list for PBXNativeTarget "MGBenchmark" */;
			buildPhases = (
				21FB4F8416FCBA7A00A9CA26 /* Sources */,
				21FB4F8516FCBA7A00A9CA26 /* Frameworks */,
				21FB4F8616FCBA7A00A9CA26 /* CopyFiles */,
			);
			buildRules = (
			);
			dependencies = (
			);
			name = MGBenchmark;
			productName = MGBenchmark;
			productReference = 21FB4F8816FCBA7A00A9CA26 /* libMGBenchmark.a */;
			productType = "com.apple.product-type.library.static";
		};
		21FB4F9816FCBA7B00A9CA26 /* MGBenchmarkTests */ = {
			isa = PBXNativeTarget;
			buildConfigurationList = 21FB4FB016FCBA7B00A9CA26 /* Build configuration list for PBXNativeTarget "MGBenchmarkTests" */;
			buildPhases = (
				21FB4F9416FCBA7B00A9CA26 /* Sources */,
				21FB4F9516FCBA7B00A9CA26 /* Frameworks */,
				21FB4F9616FCBA7B00A9CA26 /* Resources */,
				21FB4F9716FCBA7B00A9CA26 /* ShellScript */,
				66AE8031054343C597C88053 /* Copy Pods Resources */,
			);
			buildRules = (
			);
			dependencies = (
				21FB4FA016FCBA7B00A9CA26 /* PBXTargetDependency */,
			);
			name = MGBenchmarkTests;
			productName = MGBenchmarkTests;
			productReference = 21FB4F9916FCBA7B00A9CA26 /* MGBenchmarkTests.octest */;
			productType = "com.apple.product-type.bundle";
		};
/* End PBXNativeTarget section */

/* Begin PBXProject section */
		21FB4F8016FCBA7A00A9CA26 /* Project object */ = {
			isa = PBXProject;
			attributes = {
				LastUpgradeCheck = 0460;
				ORGANIZATIONNAME = "Mattes Groeger";
			};
			buildConfigurationList = 21FB4F8316FCBA7A00A9CA26 /* Build configuration list for PBXProject "MGBenchmark" */;
			compatibilityVersion = "Xcode 3.2";
			developmentRegion = English;
			hasScannedForEncodings = 0;
			knownRegions = (
				en,
			);
			mainGroup = 21FB4F7F16FCBA7A00A9CA26;
			productRefGroup = 21FB4F8916FCBA7A00A9CA26 /* Products */;
			projectDirPath = "";
			projectReferences = (
			);
			projectRoot = "";
			targets = (
				21FB4F8716FCBA7A00A9CA26 /* MGBenchmark */,
				21FB4F9816FCBA7B00A9CA26 /* MGBenchmarkTests */,
			);
		};
/* End PBXProject section */

/* Begin PBXResourcesBuildPhase section */
		21FB4F9616FCBA7B00A9CA26 /* Resources */ = {
			isa = PBXResourcesBuildPhase;
			buildActionMask = 2147483647;
			files = (
				21FB4FA716FCBA7B00A9CA26 /* InfoPlist.strings in Resources */,
			);
			runOnlyForDeploymentPostprocessing = 0;
		};
/* End PBXResourcesBuildPhase section */

/* Begin PBXShellScriptBuildPhase section */
		21FB4F9716FCBA7B00A9CA26 /* ShellScript */ = {
			isa = PBXShellScriptBuildPhase;
			buildActionMask = 2147483647;
			files = (
			);
			inputPaths = (
			);
			outputPaths = (
			);
			runOnlyForDeploymentPostprocessing = 0;
			shellPath = /bin/sh;
			shellScript = "# Run the unit tests in this test bundle.\n\"${SYSTEM_DEVELOPER_DIR}/Tools/RunUnitTests\"\n";
		};
		66AE8031054343C597C88053 /* Copy Pods Resources */ = {
			isa = PBXShellScriptBuildPhase;
			buildActionMask = 2147483647;
			files = (
			);
			inputPaths = (
			);
			name = "Copy Pods Resources";
			outputPaths = (
			);
			runOnlyForDeploymentPostprocessing = 0;
			shellPath = /bin/sh;
			shellScript = "\"${SRCROOT}/Pods/Pods-MGBenchmarkTests-resources.sh\"\n";
			showEnvVarsInLog = 1;
		};
/* End PBXShellScriptBuildPhase section */

/* Begin PBXSourcesBuildPhase section */
		21FB4F8416FCBA7A00A9CA26 /* Sources */ = {
			isa = PBXSourcesBuildPhase;
			buildActionMask = 2147483647;
			files = (
				21FB4F9316FCBA7A00A9CA26 /* MGBenchmarkSession.m in Sources */,
				DB9E9E7D4E600DA2C3C72485 /* MGConsoleOutput.m in Sources */,
			);
			runOnlyForDeploymentPostprocessing = 0;
		};
		21FB4F9416FCBA7B00A9CA26 /* Sources */ = {
			isa = PBXSourcesBuildPhase;
			buildActionMask = 2147483647;
			files = (
				21FB4FAA16FCBA7B00A9CA26 /* MGBenchmarkSessionTests.m in Sources */,
			);
			runOnlyForDeploymentPostprocessing = 0;
		};
/* End PBXSourcesBuildPhase section */

/* Begin PBXTargetDependency section */
		21FB4FA016FCBA7B00A9CA26 /* PBXTargetDependency */ = {
			isa = PBXTargetDependency;
			target = 21FB4F8716FCBA7A00A9CA26 /* MGBenchmark */;
			targetProxy = 21FB4F9F16FCBA7B00A9CA26 /* PBXContainerItemProxy */;
		};
/* End PBXTargetDependency section */

/* Begin PBXVariantGroup section */
		21FB4FA516FCBA7B00A9CA26 /* InfoPlist.strings */ = {
			isa = PBXVariantGroup;
			children = (
				21FB4FA616FCBA7B00A9CA26 /* en */,
			);
			name = InfoPlist.strings;
			sourceTree = "<group>";
		};
/* End PBXVariantGroup section */

/* Begin XCBuildConfiguration section */
		21FB4FAB16FCBA7B00A9CA26 /* Debug */ = {
			isa = XCBuildConfiguration;
			buildSettings = {
				ALWAYS_SEARCH_USER_PATHS = NO;
				CLANG_CXX_LANGUAGE_STANDARD = "gnu++0x";
				CLANG_CXX_LIBRARY = "libc++";
				CLANG_ENABLE_OBJC_ARC = YES;
				CLANG_WARN_CONSTANT_CONVERSION = YES;
				CLANG_WARN_EMPTY_BODY = YES;
				CLANG_WARN_ENUM_CONVERSION = YES;
				CLANG_WARN_INT_CONVERSION = YES;
				CLANG_WARN__DUPLICATE_METHOD_MATCH = YES;
				COPY_PHASE_STRIP = NO;
				GCC_C_LANGUAGE_STANDARD = gnu99;
				GCC_DYNAMIC_NO_PIC = NO;
				GCC_OPTIMIZATION_LEVEL = 0;
				GCC_PREPROCESSOR_DEFINITIONS = (
					"DEBUG=1",
					"$(inherited)",
				);
				GCC_SYMBOLS_PRIVATE_EXTERN = NO;
				GCC_WARN_ABOUT_RETURN_TYPE = YES;
				GCC_WARN_UNINITIALIZED_AUTOS = YES;
				GCC_WARN_UNUSED_VARIABLE = YES;
				IPHONEOS_DEPLOYMENT_TARGET = 6.1;
				ONLY_ACTIVE_ARCH = YES;
				SDKROOT = iphoneos;
			};
			name = Debug;
		};
		21FB4FAC16FCBA7B00A9CA26 /* Release */ = {
			isa = XCBuildConfiguration;
			buildSettings = {
				ALWAYS_SEARCH_USER_PATHS = NO;
				CLANG_CXX_LANGUAGE_STANDARD = "gnu++0x";
				CLANG_CXX_LIBRARY = "libc++";
				CLANG_ENABLE_OBJC_ARC = YES;
				CLANG_WARN_CONSTANT_CONVERSION = YES;
				CLANG_WARN_EMPTY_BODY = YES;
				CLANG_WARN_ENUM_CONVERSION = YES;
				CLANG_WARN_INT_CONVERSION = YES;
				CLANG_WARN__DUPLICATE_METHOD_MATCH = YES;
				COPY_PHASE_STRIP = YES;
				GCC_C_LANGUAGE_STANDARD = gnu99;
				GCC_WARN_ABOUT_RETURN_TYPE = YES;
				GCC_WARN_UNINITIALIZED_AUTOS = YES;
				GCC_WARN_UNUSED_VARIABLE = YES;
				IPHONEOS_DEPLOYMENT_TARGET = 6.1;
				SDKROOT = iphoneos;
				VALIDATE_PRODUCT = YES;
			};
			name = Release;
		};
		21FB4FAE16FCBA7B00A9CA26 /* Debug */ = {
			isa = XCBuildConfiguration;
			buildSettings = {
				DSTROOT = /tmp/MGBenchmark.dst;
				GCC_PRECOMPILE_PREFIX_HEADER = YES;
				GCC_PREFIX_HEADER = "MGBenchmark/MGBenchmark-Prefix.pch";
				OTHER_LDFLAGS = "-ObjC";
				PRODUCT_NAME = "$(TARGET_NAME)";
				SKIP_INSTALL = YES;
			};
			name = Debug;
		};
		21FB4FAF16FCBA7B00A9CA26 /* Release */ = {
			isa = XCBuildConfiguration;
			buildSettings = {
				DSTROOT = /tmp/MGBenchmark.dst;
				GCC_PRECOMPILE_PREFIX_HEADER = YES;
				GCC_PREFIX_HEADER = "MGBenchmark/MGBenchmark-Prefix.pch";
				OTHER_LDFLAGS = "-ObjC";
				PRODUCT_NAME = "$(TARGET_NAME)";
				SKIP_INSTALL = YES;
			};
			name = Release;
		};
		21FB4FB116FCBA7B00A9CA26 /* Debug */ = {
			isa = XCBuildConfiguration;
			baseConfigurationReference = 014274DDF0F94EDAB9150CED /* Pods-MGBenchmarkTests.xcconfig */;
			buildSettings = {
				FRAMEWORK_SEARCH_PATHS = (
					"\"$(SDKROOT)/Developer/Library/Frameworks\"",
					"\"$(DEVELOPER_LIBRARY_DIR)/Frameworks\"",
				);
				GCC_PRECOMPILE_PREFIX_HEADER = YES;
				GCC_PREFIX_HEADER = "MGBenchmark/MGBenchmark-Prefix.pch";
				INFOPLIST_FILE = "MGBenchmarkTests/MGBenchmarkTests-Info.plist";
				PRODUCT_NAME = "$(TARGET_NAME)";
				WRAPPER_EXTENSION = octest;
			};
			name = Debug;
		};
		21FB4FB216FCBA7B00A9CA26 /* Release */ = {
			isa = XCBuildConfiguration;
			baseConfigurationReference = 014274DDF0F94EDAB9150CED /* Pods-MGBenchmarkTests.xcconfig */;
			buildSettings = {
				FRAMEWORK_SEARCH_PATHS = (
					"\"$(SDKROOT)/Developer/Library/Frameworks\"",
					"\"$(DEVELOPER_LIBRARY_DIR)/Frameworks\"",
				);
				GCC_PRECOMPILE_PREFIX_HEADER = YES;
				GCC_PREFIX_HEADER = "MGBenchmark/MGBenchmark-Prefix.pch";
				INFOPLIST_FILE = "MGBenchmarkTests/MGBenchmarkTests-Info.plist";
				PRODUCT_NAME = "$(TARGET_NAME)";
				WRAPPER_EXTENSION = octest;
			};
			name = Release;
		};
/* End XCBuildConfiguration section */

/* Begin XCConfigurationList section */
		21FB4F8316FCBA7A00A9CA26 /* Build configuration list for PBXProject "MGBenchmark" */ = {
			isa = XCConfigurationList;
			buildConfigurations = (
				21FB4FAB16FCBA7B00A9CA26 /* Debug */,
				21FB4FAC16FCBA7B00A9CA26 /* Release */,
			);
			defaultConfigurationIsVisible = 0;
			defaultConfigurationName = Release;
		};
		21FB4FAD16FCBA7B00A9CA26 /* Build configuration list for PBXNativeTarget "MGBenchmark" */ = {
			isa = XCConfigurationList;
			buildConfigurations = (
				21FB4FAE16FCBA7B00A9CA26 /* Debug */,
				21FB4FAF16FCBA7B00A9CA26 /* Release */,
			);
			defaultConfigurationIsVisible = 0;
		};
		21FB4FB016FCBA7B00A9CA26 /* Build configuration list for PBXNativeTarget "MGBenchmarkTests" */ = {
			isa = XCConfigurationList;
			buildConfigurations = (
				21FB4FB116FCBA7B00A9CA26 /* Debug */,
				21FB4FB216FCBA7B00A9CA26 /* Release */,
			);
			defaultConfigurationIsVisible = 0;
		};
/* End XCConfigurationList section */
	};
	rootObject = 21FB4F8016FCBA7A00A9CA26 /* Project object */;
}
